// !$*UTF8*$!
{
	archiveVersion = 1;
	classes = {
	};
	objectVersion = 56;
	objects = {

/* Begin PBXBuildFile section */
		E928B49B2C11D039001EC804 /* WeatherAppApp.swift in Sources */ = {isa = PBXBuildFile; fileRef = E928B49A2C11D039001EC804 /* WeatherAppApp.swift */; };
		E928B49F2C11D03B001EC804 /* Assets.xcassets in Resources */ = {isa = PBXBuildFile; fileRef = E928B49E2C11D03B001EC804 /* Assets.xcassets */; };
		E928B4A22C11D03B001EC804 /* Preview Assets.xcassets in Resources */ = {isa = PBXBuildFile; fileRef = E928B4A12C11D03B001EC804 /* Preview Assets.xcassets */; };
		E928B4AC2C11D03B001EC804 /* WeatherAppTests.swift in Sources */ = {isa = PBXBuildFile; fileRef = E928B4AB2C11D03B001EC804 /* WeatherAppTests.swift */; };
		E928B4B62C11D03B001EC804 /* WeatherAppUITests.swift in Sources */ = {isa = PBXBuildFile; fileRef = E928B4B52C11D03B001EC804 /* WeatherAppUITests.swift */; };
		E928B4B82C11D03B001EC804 /* WeatherAppUITestsLaunchTests.swift in Sources */ = {isa = PBXBuildFile; fileRef = E928B4B72C11D03B001EC804 /* WeatherAppUITestsLaunchTests.swift */; };
		E928B4CD2C11D19B001EC804 /* NetworkUtils.swift in Sources */ = {isa = PBXBuildFile; fileRef = E928B4CC2C11D19B001EC804 /* NetworkUtils.swift */; };
		E928B4CF2C11D1B1001EC804 /* NetworkError.swift in Sources */ = {isa = PBXBuildFile; fileRef = E928B4CE2C11D1B1001EC804 /* NetworkError.swift */; };
		E928B4D12C11D1CE001EC804 /* URLRouter.swift in Sources */ = {isa = PBXBuildFile; fileRef = E928B4D02C11D1CE001EC804 /* URLRouter.swift */; };
		E928B4D62C11D31D001EC804 /* Environment.swift in Sources */ = {isa = PBXBuildFile; fileRef = E928B4D52C11D31D001EC804 /* Environment.swift */; };
		E928B4D82C11DC94001EC804 /* LandingView.swift in Sources */ = {isa = PBXBuildFile; fileRef = E928B4D72C11DC94001EC804 /* LandingView.swift */; };
		E928B4DA2C11E0CE001EC804 /* LandingViewModel.swift in Sources */ = {isa = PBXBuildFile; fileRef = E928B4D92C11E0CD001EC804 /* LandingViewModel.swift */; };
		E928B4DE2C11E1F2001EC804 /* MockLandingViewModel.swift in Sources */ = {isa = PBXBuildFile; fileRef = E928B4DD2C11E1F2001EC804 /* MockLandingViewModel.swift */; };
		E928B4E02C11E3BA001EC804 /* DefaultLandingViewModel.swift in Sources */ = {isa = PBXBuildFile; fileRef = E928B4DF2C11E3BA001EC804 /* DefaultLandingViewModel.swift */; };
/* End PBXBuildFile section */

/* Begin PBXContainerItemProxy section */
		E928B4A82C11D03B001EC804 /* PBXContainerItemProxy */ = {
			isa = PBXContainerItemProxy;
			containerPortal = E928B48F2C11D039001EC804 /* Project object */;
			proxyType = 1;
			remoteGlobalIDString = E928B4962C11D039001EC804;
			remoteInfo = WeatherApp;
		};
		E928B4B22C11D03B001EC804 /* PBXContainerItemProxy */ = {
			isa = PBXContainerItemProxy;
			containerPortal = E928B48F2C11D039001EC804 /* Project object */;
			proxyType = 1;
			remoteGlobalIDString = E928B4962C11D039001EC804;
			remoteInfo = WeatherApp;
		};
/* End PBXContainerItemProxy section */

/* Begin PBXFileReference section */
		E928B4972C11D039001EC804 /* WeatherApp.app */ = {isa = PBXFileReference; explicitFileType = wrapper.application; includeInIndex = 0; path = WeatherApp.app; sourceTree = BUILT_PRODUCTS_DIR; };
		E928B49A2C11D039001EC804 /* WeatherAppApp.swift */ = {isa = PBXFileReference; lastKnownFileType = sourcecode.swift; path = WeatherAppApp.swift; sourceTree = "<group>"; };
		E928B49E2C11D03B001EC804 /* Assets.xcassets */ = {isa = PBXFileReference; lastKnownFileType = folder.assetcatalog; path = Assets.xcassets; sourceTree = "<group>"; };
		E928B4A12C11D03B001EC804 /* Preview Assets.xcassets */ = {isa = PBXFileReference; lastKnownFileType = folder.assetcatalog; path = "Preview Assets.xcassets"; sourceTree = "<group>"; };
		E928B4A72C11D03B001EC804 /* WeatherAppTests.xctest */ = {isa = PBXFileReference; explicitFileType = wrapper.cfbundle; includeInIndex = 0; path = WeatherAppTests.xctest; sourceTree = BUILT_PRODUCTS_DIR; };
		E928B4AB2C11D03B001EC804 /* WeatherAppTests.swift */ = {isa = PBXFileReference; lastKnownFileType = sourcecode.swift; path = WeatherAppTests.swift; sourceTree = "<group>"; };
		E928B4B12C11D03B001EC804 /* WeatherAppUITests.xctest */ = {isa = PBXFileReference; explicitFileType = wrapper.cfbundle; includeInIndex = 0; path = WeatherAppUITests.xctest; sourceTree = BUILT_PRODUCTS_DIR; };
		E928B4B52C11D03B001EC804 /* WeatherAppUITests.swift */ = {isa = PBXFileReference; lastKnownFileType = sourcecode.swift; path = WeatherAppUITests.swift; sourceTree = "<group>"; };
		E928B4B72C11D03B001EC804 /* WeatherAppUITestsLaunchTests.swift */ = {isa = PBXFileReference; lastKnownFileType = sourcecode.swift; path = WeatherAppUITestsLaunchTests.swift; sourceTree = "<group>"; };
		E928B4CC2C11D19B001EC804 /* NetworkUtils.swift */ = {isa = PBXFileReference; lastKnownFileType = sourcecode.swift; path = NetworkUtils.swift; sourceTree = "<group>"; };
		E928B4CE2C11D1B1001EC804 /* NetworkError.swift */ = {isa = PBXFileReference; lastKnownFileType = sourcecode.swift; path = NetworkError.swift; sourceTree = "<group>"; };
		E928B4D02C11D1CE001EC804 /* URLRouter.swift */ = {isa = PBXFileReference; lastKnownFileType = sourcecode.swift; path = URLRouter.swift; sourceTree = "<group>"; };
		E928B4D22C11D23F001EC804 /* Info.plist */ = {isa = PBXFileReference; lastKnownFileType = text.plist; path = Info.plist; sourceTree = "<group>"; };
		E928B4D32C11D2A1001EC804 /* Development.xcconfig */ = {isa = PBXFileReference; lastKnownFileType = text.xcconfig; path = Development.xcconfig; sourceTree = "<group>"; };
		E928B4D52C11D31D001EC804 /* Environment.swift */ = {isa = PBXFileReference; lastKnownFileType = sourcecode.swift; path = Environment.swift; sourceTree = "<group>"; };
		E928B4D72C11DC94001EC804 /* LandingView.swift */ = {isa = PBXFileReference; lastKnownFileType = sourcecode.swift; path = LandingView.swift; sourceTree = "<group>"; };
		E928B4D92C11E0CD001EC804 /* LandingViewModel.swift */ = {isa = PBXFileReference; lastKnownFileType = sourcecode.swift; path = LandingViewModel.swift; sourceTree = "<group>"; };
		E928B4DD2C11E1F2001EC804 /* MockLandingViewModel.swift */ = {isa = PBXFileReference; lastKnownFileType = sourcecode.swift; path = MockLandingViewModel.swift; sourceTree = "<group>"; };
		E928B4DF2C11E3BA001EC804 /* DefaultLandingViewModel.swift */ = {isa = PBXFileReference; lastKnownFileType = sourcecode.swift; path = DefaultLandingViewModel.swift; sourceTree = "<group>"; };
/* End PBXFileReference section */

/* Begin PBXFrameworksBuildPhase section */
		E928B4942C11D039001EC804 /* Frameworks */ = {
			isa = PBXFrameworksBuildPhase;
			buildActionMask = 2147483647;
			files = (
			);
			runOnlyForDeploymentPostprocessing = 0;
		};
		E928B4A42C11D03B001EC804 /* Frameworks */ = {
			isa = PBXFrameworksBuildPhase;
			buildActionMask = 2147483647;
			files = (
			);
			runOnlyForDeploymentPostprocessing = 0;
		};
		E928B4AE2C11D03B001EC804 /* Frameworks */ = {
			isa = PBXFrameworksBuildPhase;
			buildActionMask = 2147483647;
			files = (
			);
			runOnlyForDeploymentPostprocessing = 0;
		};
/* End PBXFrameworksBuildPhase section */

/* Begin PBXGroup section */
		E928B48E2C11D039001EC804 = {
			isa = PBXGroup;
			children = (
				E928B4992C11D039001EC804 /* WeatherApp */,
				E928B4AA2C11D03B001EC804 /* WeatherAppTests */,
				E928B4B42C11D03B001EC804 /* WeatherAppUITests */,
				E928B4982C11D039001EC804 /* Products */,
			);
			sourceTree = "<group>";
		};
		E928B4982C11D039001EC804 /* Products */ = {
			isa = PBXGroup;
			children = (
				E928B4972C11D039001EC804 /* WeatherApp.app */,
				E928B4A72C11D03B001EC804 /* WeatherAppTests.xctest */,
				E928B4B12C11D03B001EC804 /* WeatherAppUITests.xctest */,
			);
			name = Products;
			sourceTree = "<group>";
		};
		E928B4992C11D039001EC804 /* WeatherApp */ = {
			isa = PBXGroup;
			children = (
				E928B4D22C11D23F001EC804 /* Info.plist */,
				E928B4C92C11D0DA001EC804 /* Core */,
				E928B4C62C11D074001EC804 /* Scene */,
				E928B4A02C11D03B001EC804 /* Preview Content */,
			);
			path = WeatherApp;
			sourceTree = "<group>";
		};
		E928B4A02C11D03B001EC804 /* Preview Content */ = {
			isa = PBXGroup;
			children = (
				E928B4A12C11D03B001EC804 /* Preview Assets.xcassets */,
			);
			path = "Preview Content";
			sourceTree = "<group>";
		};
		E928B4AA2C11D03B001EC804 /* WeatherAppTests */ = {
			isa = PBXGroup;
			children = (
				E928B4AB2C11D03B001EC804 /* WeatherAppTests.swift */,
			);
			path = WeatherAppTests;
			sourceTree = "<group>";
		};
		E928B4B42C11D03B001EC804 /* WeatherAppUITests */ = {
			isa = PBXGroup;
			children = (
				E928B4B52C11D03B001EC804 /* WeatherAppUITests.swift */,
				E928B4B72C11D03B001EC804 /* WeatherAppUITestsLaunchTests.swift */,
			);
			path = WeatherAppUITests;
			sourceTree = "<group>";
		};
		E928B4C42C11D051001EC804 /* Landing */ = {
			isa = PBXGroup;
			children = (
				E928B4DC2C11E17C001EC804 /* ViewModel */,
				E928B4D72C11DC94001EC804 /* LandingView.swift */,
			);
			path = Landing;
			sourceTree = "<group>";
		};
		E928B4C52C11D06D001EC804 /* Search */ = {
			isa = PBXGroup;
			children = (
			);
			path = Search;
			sourceTree = "<group>";
		};
		E928B4C62C11D074001EC804 /* Scene */ = {
			isa = PBXGroup;
			children = (
				E928B4C42C11D051001EC804 /* Landing */,
				E928B4C52C11D06D001EC804 /* Search */,
			);
			path = Scene;
			sourceTree = "<group>";
		};
		E928B4C72C11D088001EC804 /* App */ = {
			isa = PBXGroup;
			children = (
				E928B49A2C11D039001EC804 /* WeatherAppApp.swift */,
				E928B4D52C11D31D001EC804 /* Environment.swift */,
			);
			path = App;
			sourceTree = "<group>";
		};
		E928B4C82C11D090001EC804 /* Resource */ = {
			isa = PBXGroup;
			children = (
				E928B49E2C11D03B001EC804 /* Assets.xcassets */,
			);
			path = Resource;
			sourceTree = "<group>";
		};
		E928B4C92C11D0DA001EC804 /* Core */ = {
			isa = PBXGroup;
			children = (
				E928B4C72C11D088001EC804 /* App */,
				E928B4D42C11D2A7001EC804 /* Config */,
				E928B4CB2C11D18E001EC804 /* Utility */,
				E928B4CA2C11D0F3001EC804 /* Preview Provider */,
				E928B4C82C11D090001EC804 /* Resource */,
			);
			path = Core;
			sourceTree = "<group>";
		};
		E928B4CA2C11D0F3001EC804 /* Preview Provider */ = {
			isa = PBXGroup;
			children = (
				E928B4DD2C11E1F2001EC804 /* MockLandingViewModel.swift */,
			);
			path = "Preview Provider";
			sourceTree = "<group>";
		};
		E928B4CB2C11D18E001EC804 /* Utility */ = {
			isa = PBXGroup;
			children = (
				E928B4CC2C11D19B001EC804 /* NetworkUtils.swift */,
				E928B4CE2C11D1B1001EC804 /* NetworkError.swift */,
				E928B4D02C11D1CE001EC804 /* URLRouter.swift */,
			);
			path = Utility;
			sourceTree = "<group>";
		};
		E928B4D42C11D2A7001EC804 /* Config */ = {
			isa = PBXGroup;
			children = (
				E928B4D32C11D2A1001EC804 /* Development.xcconfig */,
			);
			path = Config;
			sourceTree = "<group>";
		};
		E928B4DC2C11E17C001EC804 /* ViewModel */ = {
			isa = PBXGroup;
			children = (
				E928B4D92C11E0CD001EC804 /* LandingViewModel.swift */,
				E928B4DF2C11E3BA001EC804 /* DefaultLandingViewModel.swift */,
			);
			path = ViewModel;
			sourceTree = "<group>";
		};
/* End PBXGroup section */

/* Begin PBXNativeTarget section */
		E928B4962C11D039001EC804 /* WeatherApp */ = {
			isa = PBXNativeTarget;
			buildConfigurationList = E928B4BB2C11D03B001EC804 /* Build configuration list for PBXNativeTarget "WeatherApp" */;
			buildPhases = (
				E928B4932C11D039001EC804 /* Sources */,
				E928B4942C11D039001EC804 /* Frameworks */,
				E928B4952C11D039001EC804 /* Resources */,
			);
			buildRules = (
			);
			dependencies = (
			);
			name = WeatherApp;
			productName = WeatherApp;
			productReference = E928B4972C11D039001EC804 /* WeatherApp.app */;
			productType = "com.apple.product-type.application";
		};
		E928B4A62C11D03B001EC804 /* WeatherAppTests */ = {
			isa = PBXNativeTarget;
			buildConfigurationList = E928B4BE2C11D03B001EC804 /* Build configuration list for PBXNativeTarget "WeatherAppTests" */;
			buildPhases = (
				E928B4A32C11D03B001EC804 /* Sources */,
				E928B4A42C11D03B001EC804 /* Frameworks */,
				E928B4A52C11D03B001EC804 /* Resources */,
			);
			buildRules = (
			);
			dependencies = (
				E928B4A92C11D03B001EC804 /* PBXTargetDependency */,
			);
			name = WeatherAppTests;
			productName = WeatherAppTests;
			productReference = E928B4A72C11D03B001EC804 /* WeatherAppTests.xctest */;
			productType = "com.apple.product-type.bundle.unit-test";
		};
		E928B4B02C11D03B001EC804 /* WeatherAppUITests */ = {
			isa = PBXNativeTarget;
			buildConfigurationList = E928B4C12C11D03B001EC804 /* Build configuration list for PBXNativeTarget "WeatherAppUITests" */;
			buildPhases = (
				E928B4AD2C11D03B001EC804 /* Sources */,
				E928B4AE2C11D03B001EC804 /* Frameworks */,
				E928B4AF2C11D03B001EC804 /* Resources */,
			);
			buildRules = (
			);
			dependencies = (
				E928B4B32C11D03B001EC804 /* PBXTargetDependency */,
			);
			name = WeatherAppUITests;
			productName = WeatherAppUITests;
			productReference = E928B4B12C11D03B001EC804 /* WeatherAppUITests.xctest */;
			productType = "com.apple.product-type.bundle.ui-testing";
		};
/* End PBXNativeTarget section */

/* Begin PBXProject section */
		E928B48F2C11D039001EC804 /* Project object */ = {
			isa = PBXProject;
			attributes = {
				BuildIndependentTargetsInParallel = 1;
				LastSwiftUpdateCheck = 1510;
				LastUpgradeCheck = 1510;
				TargetAttributes = {
					E928B4962C11D039001EC804 = {
						CreatedOnToolsVersion = 15.1;
					};
					E928B4A62C11D03B001EC804 = {
						CreatedOnToolsVersion = 15.1;
						TestTargetID = E928B4962C11D039001EC804;
					};
					E928B4B02C11D03B001EC804 = {
						CreatedOnToolsVersion = 15.1;
						TestTargetID = E928B4962C11D039001EC804;
					};
				};
			};
			buildConfigurationList = E928B4922C11D039001EC804 /* Build configuration list for PBXProject "WeatherApp" */;
			compatibilityVersion = "Xcode 14.0";
			developmentRegion = en;
			hasScannedForEncodings = 0;
			knownRegions = (
				en,
				Base,
			);
			mainGroup = E928B48E2C11D039001EC804;
			productRefGroup = E928B4982C11D039001EC804 /* Products */;
			projectDirPath = "";
			projectRoot = "";
			targets = (
				E928B4962C11D039001EC804 /* WeatherApp */,
				E928B4A62C11D03B001EC804 /* WeatherAppTests */,
				E928B4B02C11D03B001EC804 /* WeatherAppUITests */,
			);
		};
/* End PBXProject section */

/* Begin PBXResourcesBuildPhase section */
		E928B4952C11D039001EC804 /* Resources */ = {
			isa = PBXResourcesBuildPhase;
			buildActionMask = 2147483647;
			files = (
				E928B4A22C11D03B001EC804 /* Preview Assets.xcassets in Resources */,
				E928B49F2C11D03B001EC804 /* Assets.xcassets in Resources */,
			);
			runOnlyForDeploymentPostprocessing = 0;
		};
		E928B4A52C11D03B001EC804 /* Resources */ = {
			isa = PBXResourcesBuildPhase;
			buildActionMask = 2147483647;
			files = (
			);
			runOnlyForDeploymentPostprocessing = 0;
		};
		E928B4AF2C11D03B001EC804 /* Resources */ = {
			isa = PBXResourcesBuildPhase;
			buildActionMask = 2147483647;
			files = (
			);
			runOnlyForDeploymentPostprocessing = 0;
		};
/* End PBXResourcesBuildPhase section */

/* Begin PBXSourcesBuildPhase section */
		E928B4932C11D039001EC804 /* Sources */ = {
			isa = PBXSourcesBuildPhase;
			buildActionMask = 2147483647;
			files = (
				E928B4DE2C11E1F2001EC804 /* MockLandingViewModel.swift in Sources */,
				E928B4D62C11D31D001EC804 /* Environment.swift in Sources */,
				E928B4D82C11DC94001EC804 /* LandingView.swift in Sources */,
				E928B4CF2C11D1B1001EC804 /* NetworkError.swift in Sources */,
				E928B4D12C11D1CE001EC804 /* URLRouter.swift in Sources */,
				E928B4E02C11E3BA001EC804 /* DefaultLandingViewModel.swift in Sources */,
				E928B4CD2C11D19B001EC804 /* NetworkUtils.swift in Sources */,
				E928B4DA2C11E0CE001EC804 /* LandingViewModel.swift in Sources */,
				E928B49B2C11D039001EC804 /* WeatherAppApp.swift in Sources */,
			);
			runOnlyForDeploymentPostprocessing = 0;
		};
		E928B4A32C11D03B001EC804 /* Sources */ = {
			isa = PBXSourcesBuildPhase;
			buildActionMask = 2147483647;
			files = (
				E928B4AC2C11D03B001EC804 /* WeatherAppTests.swift in Sources */,
			);
			runOnlyForDeploymentPostprocessing = 0;
		};
		E928B4AD2C11D03B001EC804 /* Sources */ = {
			isa = PBXSourcesBuildPhase;
			buildActionMask = 2147483647;
			files = (
				E928B4B62C11D03B001EC804 /* WeatherAppUITests.swift in Sources */,
				E928B4B82C11D03B001EC804 /* WeatherAppUITestsLaunchTests.swift in Sources */,
			);
			runOnlyForDeploymentPostprocessing = 0;
		};
/* End PBXSourcesBuildPhase section */

/* Begin PBXTargetDependency section */
		E928B4A92C11D03B001EC804 /* PBXTargetDependency */ = {
			isa = PBXTargetDependency;
			target = E928B4962C11D039001EC804 /* WeatherApp */;
			targetProxy = E928B4A82C11D03B001EC804 /* PBXContainerItemProxy */;
		};
		E928B4B32C11D03B001EC804 /* PBXTargetDependency */ = {
			isa = PBXTargetDependency;
			target = E928B4962C11D039001EC804 /* WeatherApp */;
			targetProxy = E928B4B22C11D03B001EC804 /* PBXContainerItemProxy */;
		};
/* End PBXTargetDependency section */

/* Begin XCBuildConfiguration section */
		E928B4B92C11D03B001EC804 /* Debug */ = {
			isa = XCBuildConfiguration;
			baseConfigurationReference = E928B4D32C11D2A1001EC804 /* Development.xcconfig */;
			buildSettings = {
				ALWAYS_SEARCH_USER_PATHS = NO;
				ASSETCATALOG_COMPILER_GENERATE_SWIFT_ASSET_SYMBOL_EXTENSIONS = YES;
				CLANG_ANALYZER_NONNULL = YES;
				CLANG_ANALYZER_NUMBER_OBJECT_CONVERSION = YES_AGGRESSIVE;
				CLANG_CXX_LANGUAGE_STANDARD = "gnu++20";
				CLANG_ENABLE_MODULES = YES;
				CLANG_ENABLE_OBJC_ARC = YES;
				CLANG_ENABLE_OBJC_WEAK = YES;
				CLANG_WARN_BLOCK_CAPTURE_AUTORELEASING = YES;
				CLANG_WARN_BOOL_CONVERSION = YES;
				CLANG_WARN_COMMA = YES;
				CLANG_WARN_CONSTANT_CONVERSION = YES;
				CLANG_WARN_DEPRECATED_OBJC_IMPLEMENTATIONS = YES;
				CLANG_WARN_DIRECT_OBJC_ISA_USAGE = YES_ERROR;
				CLANG_WARN_DOCUMENTATION_COMMENTS = YES;
				CLANG_WARN_EMPTY_BODY = YES;
				CLANG_WARN_ENUM_CONVERSION = YES;
				CLANG_WARN_INFINITE_RECURSION = YES;
				CLANG_WARN_INT_CONVERSION = YES;
				CLANG_WARN_NON_LITERAL_NULL_CONVERSION = YES;
				CLANG_WARN_OBJC_IMPLICIT_RETAIN_SELF = YES;
				CLANG_WARN_OBJC_LITERAL_CONVERSION = YES;
				CLANG_WARN_OBJC_ROOT_CLASS = YES_ERROR;
				CLANG_WARN_QUOTED_INCLUDE_IN_FRAMEWORK_HEADER = YES;
				CLANG_WARN_RANGE_LOOP_ANALYSIS = YES;
				CLANG_WARN_STRICT_PROTOTYPES = YES;
				CLANG_WARN_SUSPICIOUS_MOVE = YES;
				CLANG_WARN_UNGUARDED_AVAILABILITY = YES_AGGRESSIVE;
				CLANG_WARN_UNREACHABLE_CODE = YES;
				CLANG_WARN__DUPLICATE_METHOD_MATCH = YES;
				COPY_PHASE_STRIP = NO;
				DEBUG_INFORMATION_FORMAT = dwarf;
				ENABLE_STRICT_OBJC_MSGSEND = YES;
				ENABLE_TESTABILITY = YES;
				ENABLE_USER_SCRIPT_SANDBOXING = YES;
				GCC_C_LANGUAGE_STANDARD = gnu17;
				GCC_DYNAMIC_NO_PIC = NO;
				GCC_NO_COMMON_BLOCKS = YES;
				GCC_OPTIMIZATION_LEVEL = 0;
				GCC_PREPROCESSOR_DEFINITIONS = (
					"DEBUG=1",
					"$(inherited)",
				);
				GCC_WARN_64_TO_32_BIT_CONVERSION = YES;
				GCC_WARN_ABOUT_RETURN_TYPE = YES_ERROR;
				GCC_WARN_UNDECLARED_SELECTOR = YES;
				GCC_WARN_UNINITIALIZED_AUTOS = YES_AGGRESSIVE;
				GCC_WARN_UNUSED_FUNCTION = YES;
				GCC_WARN_UNUSED_VARIABLE = YES;
				IPHONEOS_DEPLOYMENT_TARGET = 16.0;
				LOCALIZATION_PREFERS_STRING_CATALOGS = YES;
				MTL_ENABLE_DEBUG_INFO = INCLUDE_SOURCE;
				MTL_FAST_MATH = YES;
				ONLY_ACTIVE_ARCH = YES;
				SDKROOT = iphoneos;
				SWIFT_ACTIVE_COMPILATION_CONDITIONS = "DEBUG $(inherited)";
				SWIFT_OPTIMIZATION_LEVEL = "-Onone";
			};
			name = Debug;
		};
		E928B4BA2C11D03B001EC804 /* Release */ = {
			isa = XCBuildConfiguration;
			baseConfigurationReference = E928B4D32C11D2A1001EC804 /* Development.xcconfig */;
			buildSettings = {
				ALWAYS_SEARCH_USER_PATHS = NO;
				ASSETCATALOG_COMPILER_GENERATE_SWIFT_ASSET_SYMBOL_EXTENSIONS = YES;
				CLANG_ANALYZER_NONNULL = YES;
				CLANG_ANALYZER_NUMBER_OBJECT_CONVERSION = YES_AGGRESSIVE;
				CLANG_CXX_LANGUAGE_STANDARD = "gnu++20";
				CLANG_ENABLE_MODULES = YES;
				CLANG_ENABLE_OBJC_ARC = YES;
				CLANG_ENABLE_OBJC_WEAK = YES;
				CLANG_WARN_BLOCK_CAPTURE_AUTORELEASING = YES;
				CLANG_WARN_BOOL_CONVERSION = YES;
				CLANG_WARN_COMMA = YES;
				CLANG_WARN_CONSTANT_CONVERSION = YES;
				CLANG_WARN_DEPRECATED_OBJC_IMPLEMENTATIONS = YES;
				CLANG_WARN_DIRECT_OBJC_ISA_USAGE = YES_ERROR;
				CLANG_WARN_DOCUMENTATION_COMMENTS = YES;
				CLANG_WARN_EMPTY_BODY = YES;
				CLANG_WARN_ENUM_CONVERSION = YES;
				CLANG_WARN_INFINITE_RECURSION = YES;
				CLANG_WARN_INT_CONVERSION = YES;
				CLANG_WARN_NON_LITERAL_NULL_CONVERSION = YES;
				CLANG_WARN_OBJC_IMPLICIT_RETAIN_SELF = YES;
				CLANG_WARN_OBJC_LITERAL_CONVERSION = YES;
				CLANG_WARN_OBJC_ROOT_CLASS = YES_ERROR;
				CLANG_WARN_QUOTED_INCLUDE_IN_FRAMEWORK_HEADER = YES;
				CLANG_WARN_RANGE_LOOP_ANALYSIS = YES;
				CLANG_WARN_STRICT_PROTOTYPES = YES;
				CLANG_WARN_SUSPICIOUS_MOVE = YES;
				CLANG_WARN_UNGUARDED_AVAILABILITY = YES_AGGRESSIVE;
				CLANG_WARN_UNREACHABLE_CODE = YES;
				CLANG_WARN__DUPLICATE_METHOD_MATCH = YES;
				COPY_PHASE_STRIP = NO;
				DEBUG_INFORMATION_FORMAT = "dwarf-with-dsym";
				ENABLE_NS_ASSERTIONS = NO;
				ENABLE_STRICT_OBJC_MSGSEND = YES;
				ENABLE_USER_SCRIPT_SANDBOXING = YES;
				GCC_C_LANGUAGE_STANDARD = gnu17;
				GCC_NO_COMMON_BLOCKS = YES;
				GCC_WARN_64_TO_32_BIT_CONVERSION = YES;
				GCC_WARN_ABOUT_RETURN_TYPE = YES_ERROR;
				GCC_WARN_UNDECLARED_SELECTOR = YES;
				GCC_WARN_UNINITIALIZED_AUTOS = YES_AGGRESSIVE;
				GCC_WARN_UNUSED_FUNCTION = YES;
				GCC_WARN_UNUSED_VARIABLE = YES;
				IPHONEOS_DEPLOYMENT_TARGET = 16.0;
				LOCALIZATION_PREFERS_STRING_CATALOGS = YES;
				MTL_ENABLE_DEBUG_INFO = NO;
				MTL_FAST_MATH = YES;
				SDKROOT = iphoneos;
				SWIFT_COMPILATION_MODE = wholemodule;
				VALIDATE_PRODUCT = YES;
			};
			name = Release;
		};
		E928B4BC2C11D03B001EC804 /* Debug */ = {
			isa = XCBuildConfiguration;
			baseConfigurationReference = E928B4D32C11D2A1001EC804 /* Development.xcconfig */;
			buildSettings = {
				ASSETCATALOG_COMPILER_APPICON_NAME = AppIcon;
				ASSETCATALOG_COMPILER_GLOBAL_ACCENT_COLOR_NAME = AccentColor;
				CODE_SIGN_STYLE = Automatic;
				CURRENT_PROJECT_VERSION = 1;
				DEVELOPMENT_ASSET_PATHS = "\"WeatherApp/Preview Content\"";
				DEVELOPMENT_TEAM = CC382TMQWF;
				ENABLE_PREVIEWS = YES;
				GENERATE_INFOPLIST_FILE = YES;
				INFOPLIST_FILE = WeatherApp/Info.plist;
				INFOPLIST_KEY_UIApplicationSceneManifest_Generation = YES;
				INFOPLIST_KEY_UIApplicationSupportsIndirectInputEvents = YES;
				INFOPLIST_KEY_UILaunchScreen_Generation = YES;
				INFOPLIST_KEY_UISupportedInterfaceOrientations_iPad = "UIInterfaceOrientationPortrait UIInterfaceOrientationPortraitUpsideDown UIInterfaceOrientationLandscapeLeft UIInterfaceOrientationLandscapeRight";
				INFOPLIST_KEY_UISupportedInterfaceOrientations_iPhone = "UIInterfaceOrientationPortrait UIInterfaceOrientationLandscapeLeft UIInterfaceOrientationLandscapeRight";
				LD_RUNPATH_SEARCH_PATHS = (
					"$(inherited)",
					"@executable_path/Frameworks",
				);
				MARKETING_VERSION = 1.0;
				PRODUCT_BUNDLE_IDENTIFIER = com.pranavan.WeatherApp;
				PRODUCT_NAME = "$(TARGET_NAME)";
				SWIFT_EMIT_LOC_STRINGS = YES;
				SWIFT_VERSION = 5.0;
				TARGETED_DEVICE_FAMILY = "1,2";
			};
			name = Debug;
		};
		E928B4BD2C11D03B001EC804 /* Release */ = {
			isa = XCBuildConfiguration;
			baseConfigurationReference = E928B4D32C11D2A1001EC804 /* Development.xcconfig */;
			buildSettings = {
				ASSETCATALOG_COMPILER_APPICON_NAME = AppIcon;
				ASSETCATALOG_COMPILER_GLOBAL_ACCENT_COLOR_NAME = AccentColor;
				CODE_SIGN_STYLE = Automatic;
				CURRENT_PROJECT_VERSION = 1;
				DEVELOPMENT_ASSET_PATHS = "\"WeatherApp/Preview Content\"";
				DEVELOPMENT_TEAM = CC382TMQWF;
				ENABLE_PREVIEWS = YES;
				GENERATE_INFOPLIST_FILE = YES;
				INFOPLIST_FILE = WeatherApp/Info.plist;
				INFOPLIST_KEY_UIApplicationSceneManifest_Generation = YES;
				INFOPLIST_KEY_UIApplicationSupportsIndirectInputEvents = YES;
				INFOPLIST_KEY_UILaunchScreen_Generation = YES;
				INFOPLIST_KEY_UISupportedInterfaceOrientations_iPad = "UIInterfaceOrientationPortrait UIInterfaceOrientationPortraitUpsideDown UIInterfaceOrientationLandscapeLeft UIInterfaceOrientationLandscapeRight";
				INFOPLIST_KEY_UISupportedInterfaceOrientations_iPhone = "UIInterfaceOrientationPortrait UIInterfaceOrientationLandscapeLeft UIInterfaceOrientationLandscapeRight";
				LD_RUNPATH_SEARCH_PATHS = (
					"$(inherited)",
					"@executable_path/Frameworks",
				);
				MARKETING_VERSION = 1.0;
				PRODUCT_BUNDLE_IDENTIFIER = com.pranavan.WeatherApp;
				PRODUCT_NAME = "$(TARGET_NAME)";
				SWIFT_EMIT_LOC_STRINGS = YES;
				SWIFT_VERSION = 5.0;
				TARGETED_DEVICE_FAMILY = "1,2";
			};
			name = Release;
		};
		E928B4BF2C11D03B001EC804 /* Debug */ = {
			isa = XCBuildConfiguration;
			baseConfigurationReference = E928B4D32C11D2A1001EC804 /* Development.xcconfig */;
			buildSettings = {
				ALWAYS_EMBED_SWIFT_STANDARD_LIBRARIES = YES;
				BUNDLE_LOADER = "$(TEST_HOST)";
				CODE_SIGN_STYLE = Automatic;
				CURRENT_PROJECT_VERSION = 1;
				DEVELOPMENT_TEAM = CC382TMQWF;
				GENERATE_INFOPLIST_FILE = YES;
				IPHONEOS_DEPLOYMENT_TARGET = 17.2;
				MARKETING_VERSION = 1.0;
				PRODUCT_BUNDLE_IDENTIFIER = com.pranavan.WeatherAppTests;
				PRODUCT_NAME = "$(TARGET_NAME)";
				SWIFT_EMIT_LOC_STRINGS = NO;
				SWIFT_VERSION = 5.0;
				TARGETED_DEVICE_FAMILY = "1,2";
				TEST_HOST = "$(BUILT_PRODUCTS_DIR)/WeatherApp.app/$(BUNDLE_EXECUTABLE_FOLDER_PATH)/WeatherApp";
			};
			name = Debug;
		};
		E928B4C02C11D03B001EC804 /* Release */ = {
			isa = XCBuildConfiguration;
			baseConfigurationReference = E928B4D32C11D2A1001EC804 /* Development.xcconfig */;
			buildSettings = {
				ALWAYS_EMBED_SWIFT_STANDARD_LIBRARIES = YES;
				BUNDLE_LOADER = "$(TEST_HOST)";
				CODE_SIGN_STYLE = Automatic;
				CURRENT_PROJECT_VERSION = 1;
				DEVELOPMENT_TEAM = CC382TMQWF;
				GENERATE_INFOPLIST_FILE = YES;
				IPHONEOS_DEPLOYMENT_TARGET = 17.2;
				MARKETING_VERSION = 1.0;
				PRODUCT_BUNDLE_IDENTIFIER = com.pranavan.WeatherAppTests;
				PRODUCT_NAME = "$(TARGET_NAME)";
				SWIFT_EMIT_LOC_STRINGS = NO;
				SWIFT_VERSION = 5.0;
				TARGETED_DEVICE_FAMILY = "1,2";
				TEST_HOST = "$(BUILT_PRODUCTS_DIR)/WeatherApp.app/$(BUNDLE_EXECUTABLE_FOLDER_PATH)/WeatherApp";
			};
			name = Release;
		};
		E928B4C22C11D03B001EC804 /* Debug */ = {
			isa = XCBuildConfiguration;
			baseConfigurationReference = E928B4D32C11D2A1001EC804 /* Development.xcconfig */;
			buildSettings = {
				ALWAYS_EMBED_SWIFT_STANDARD_LIBRARIES = YES;
				CODE_SIGN_STYLE = Automatic;
				CURRENT_PROJECT_VERSION = 1;
				DEVELOPMENT_TEAM = CC382TMQWF;
				GENERATE_INFOPLIST_FILE = YES;
				MARKETING_VERSION = 1.0;
				PRODUCT_BUNDLE_IDENTIFIER = com.pranavan.WeatherAppUITests;
				PRODUCT_NAME = "$(TARGET_NAME)";
				SWIFT_EMIT_LOC_STRINGS = NO;
				SWIFT_VERSION = 5.0;
				TARGETED_DEVICE_FAMILY = "1,2";
				TEST_TARGET_NAME = WeatherApp;
			};
			name = Debug;
		};
		E928B4C32C11D03B001EC804 /* Release */ = {
			isa = XCBuildConfiguration;
			baseConfigurationReference = E928B4D32C11D2A1001EC804 /* Development.xcconfig */;
			buildSettings = {
				ALWAYS_EMBED_SWIFT_STANDARD_LIBRARIES = YES;
				CODE_SIGN_STYLE = Automatic;
				CURRENT_PROJECT_VERSION = 1;
				DEVELOPMENT_TEAM = CC382TMQWF;
				GENERATE_INFOPLIST_FILE = YES;
				MARKETING_VERSION = 1.0;
				PRODUCT_BUNDLE_IDENTIFIER = com.pranavan.WeatherAppUITests;
				PRODUCT_NAME = "$(TARGET_NAME)";
				SWIFT_EMIT_LOC_STRINGS = NO;
				SWIFT_VERSION = 5.0;
				TARGETED_DEVICE_FAMILY = "1,2";
				TEST_TARGET_NAME = WeatherApp;
			};
			name = Release;
		};
/* End XCBuildConfiguration section */

/* Begin XCConfigurationList section */
		E928B4922C11D039001EC804 /* Build configuration list for PBXProject "WeatherApp" */ = {
			isa = XCConfigurationList;
			buildConfigurations = (
				E928B4B92C11D03B001EC804 /* Debug */,
				E928B4BA2C11D03B001EC804 /* Release */,
			);
			defaultConfigurationIsVisible = 0;
			defaultConfigurationName = Release;
		};
		E928B4BB2C11D03B001EC804 /* Build configuration list for PBXNativeTarget "WeatherApp" */ = {
			isa = XCConfigurationList;
			buildConfigurations = (
				E928B4BC2C11D03B001EC804 /* Debug */,
				E928B4BD2C11D03B001EC804 /* Release */,
			);
			defaultConfigurationIsVisible = 0;
			defaultConfigurationName = Release;
		};
		E928B4BE2C11D03B001EC804 /* Build configuration list for PBXNativeTarget "WeatherAppTests" */ = {
			isa = XCConfigurationList;
			buildConfigurations = (
				E928B4BF2C11D03B001EC804 /* Debug */,
				E928B4C02C11D03B001EC804 /* Release */,
			);
			defaultConfigurationIsVisible = 0;
			defaultConfigurationName = Release;
		};
		E928B4C12C11D03B001EC804 /* Build configuration list for PBXNativeTarget "WeatherAppUITests" */ = {
			isa = XCConfigurationList;
			buildConfigurations = (
				E928B4C22C11D03B001EC804 /* Debug */,
				E928B4C32C11D03B001EC804 /* Release */,
			);
			defaultConfigurationIsVisible = 0;
			defaultConfigurationName = Release;
		};
/* End XCConfigurationList section */
	};
	rootObject = E928B48F2C11D039001EC804 /* Project object */;
}
